PODS:
  - Alamofire (4.9.1)
  - CountryPickerView (3.1.2)
  - RxCocoa (5.1.1):
    - RxRelay (~> 5)
    - RxSwift (~> 5)
  - RxRelay (5.1.1):
    - RxSwift (~> 5)
  - RxSwift (5.1.1)
  - SKCountryPicker (1.2.9)
  - SwiftyJSON (5.0.0)

DEPENDENCIES:
  - Alamofire (~> 4.8)
  - CountryPickerView
  - RxCocoa
  - RxSwift
  - SKCountryPicker
  - SwiftyJSON

SPEC REPOS:
  trunk:
    - Alamofire
    - CountryPickerView
    - RxCocoa
    - RxRelay
    - RxSwift
    - SKCountryPicker
    - SwiftyJSON

SPEC CHECKSUMS:
  Alamofire: 85e8a02c69d6020a0d734f6054870d7ecb75cf18
  CountryPickerView: 08ff5f391143aa79e2ae21b0eaa5c15395a80d22
  RxCocoa: 32065309a38d29b5b0db858819b5bf9ef038b601
  RxRelay: d77f7d771495f43c556cbc43eebd1bb54d01e8e9
  RxSwift: 81470a2074fa8780320ea5fe4102807cb7118178
  SKCountryPicker: 7ad1e7dfb482cfb26855e33c2d70dbf1eaf218fe
  SwiftyJSON: 36413e04c44ee145039d332b4f4e2d3e8d6c4db7

PODFILE CHECKSUM: d58b64c2af206ef1db004c9faf88d222f5bbf549

COCOAPODS: 1.9.1
